github.com/Asphaltt/lpmtrie v0.0.0-20220205153150-3d814250b8ab h1:hzN25CB5VzeKk3/c1fi1oT03N+5365nVOMPAxixkADY=
github.com/Asphaltt/lpmtrie v0.0.0-20220205153150-3d814250b8ab/go.mod h1:TdNTLzn3VVXKfmHAULK5gY+h/A1gLQ8NnwLB6cSN54g=
github.com/aromatt/netipds v0.1.7-0.20241221035800-fc1ba58bd836 h1:kzjUhnS/WPgJdaP+nkNTjiWC+5aR62zF0pI1mfx5cnQ=
github.com/aromatt/netipds v0.1.7-0.20241221035800-fc1ba58bd836/go.mod h1:TVWwAV/IghERh+218SzJz1DfixOswt5/BhiOAUs99Hc=
github.com/aromatt/netipds v0.1.7-0.20241221043704-448dfccbe89c h1:TclapiNWm+ibF76cXyiaHLLGxfnS4hC4uOXWSkp5iBs=
github.com/aromatt/netipds v0.1.7-0.20241221043704-448dfccbe89c/go.mod h1:TVWwAV/IghERh+218SzJz1DfixOswt5/BhiOAUs99Hc=
github.com/aromatt/netipds v0.1.7-0.20241221052437-0668881c4a77 h1:Bp4B6apXWfCwRpx79zKgoragWGDoui5+oZEN4cRL+hg=
github.com/aromatt/netipds v0.1.7-0.20241221052437-0668881c4a77/go.mod h1:TVWwAV/IghERh+218SzJz1DfixOswt5/BhiOAUs99Hc=
github.com/aromatt/netipds v0.1.7-0.20241222044305-839ffedd288a h1:tiJ1nNzboEADLdfE+LMHePn+z/xdKg+APAowbjjXwRA=
github.com/aromatt/netipds v0.1.7-0.20241222044305-839ffedd288a/go.mod h1:TVWwAV/IghERh+218SzJz1DfixOswt5/BhiOAUs99Hc=
github.com/aromatt/netipds v0.1.7-0.20241222144124-56a6ac305836 h1:4w2Hw245a7vcz2hxipTOev5c71VqpTTh8lsk6jGv2GI=
github.com/aromatt/netipds v0.1.7-0.20241222144124-56a6ac305836/go.mod h1:TVWwAV/IghERh+218SzJz1DfixOswt5/BhiOAUs99Hc=
github.com/aromatt/netipds v0.1.7-0.20241222144356-d170f43ab755 h1:V29rxWfeK36PvBW16bZr+uFG4ipHoB4EeK5N7CRP8lo=
github.com/aromatt/netipds v0.1.7-0.20241222144356-d170f43ab755/go.mod h1:TVWwAV/IghERh+218SzJz1DfixOswt5/BhiOAUs99Hc=
github.com/aromatt/netipds v0.1.7-0.20241222144732-89facd5987f4 h1:LxXNK3TF00nHz9E91LuFT8ibpGNRay4g/jPfkz8/Tn8=
github.com/aromatt/netipds v0.1.7-0.20241222144732-89facd5987f4/go.mod h1:TVWwAV/IghERh+218SzJz1DfixOswt5/BhiOAUs99Hc=
github.com/aromatt/netipds v0.1.7-0.20241222151223-32a6df84c0b2 h1:KHfyo5X5xX+Op5hbnleBJ5anf7g3+ACkLfsvJEryz+c=
github.com/aromatt/netipds v0.1.7-0.20241222151223-32a6df84c0b2/go.mod h1:TVWwAV/IghERh+218SzJz1DfixOswt5/BhiOAUs99Hc=
github.com/aromatt/netipds v0.1.7-0.20241222153223-b090cd8f6db1 h1:oOEkRMIblAfsDnu/XsVzZu2SRm8Y4P7TnEwYUbNe7Io=
github.com/aromatt/netipds v0.1.7-0.20241222153223-b090cd8f6db1/go.mod h1:TVWwAV/IghERh+218SzJz1DfixOswt5/BhiOAUs99Hc=
github.com/aromatt/netipds v0.1.7-0.20241222203413-c7e4a6ec4641 h1:Lqxmn5oau16iA45k9CqnuPOPAvk8QVZktzep4SlXkAk=
github.com/aromatt/netipds v0.1.7-0.20241222203413-c7e4a6ec4641/go.mod h1:TVWwAV/IghERh+218SzJz1DfixOswt5/BhiOAUs99Hc=
github.com/chzyer/logex v1.1.10/go.mod h1:+Ywpsq7O8HXn0nuIou7OrIPyXbp3wmkHB+jjWRnGsAI=
github.com/chzyer/readline v0.0.0-20180603132655-2972be24d48e/go.mod h1:nSuG5e5PlCu98SY8svDHJxuZscDgtXS6KTTbou5AhLI=
github.com/chzyer/test v0.0.0-20180213035817-a1ea475d72b1/go.mod h1:Q3SI9o4m/ZMnBNeIyt5eFwwo7qiLfzFZmjNmxjkiQlU=
github.com/davecgh/go-spew v1.1.0/go.mod h1:J7Y8YcW2NihsgmVo/mv3lAwl/skON4iLHjSsI+c5H38=
github.com/davecgh/go-spew v1.1.1 h1:vj9j/u1bqnvCEfJOwUhtlOARqs3+rkHYY13jYWTU97c=
github.com/davecgh/go-spew v1.1.1/go.mod h1:J7Y8YcW2NihsgmVo/mv3lAwl/skON4iLHjSsI+c5H38=
github.com/felixge/fgprof v0.9.3 h1:VvyZxILNuCiUCSXtPtYmmtGvb65nqXh2QFWc0Wpf2/g=
github.com/felixge/fgprof v0.9.3/go.mod h1:RdbpDgzqYVh/T9fPELJyV7EYJuHB55UTEULNun8eiPw=
github.com/gaissmai/bart v0.15.4 h1:ttvMT068X6BqmK0ZYKF+h1IUB29XI0r+UshDh/61fTA=
github.com/gaissmai/bart v0.15.4/go.mod h1:JCPkH/Xt5bSPCKDc6OpzkhSCeib8BIxu3kthzZwcl6w=
github.com/gaissmai/cidrtree v0.5.0 h1:noZ73FM38fRV5Uw28jTcKRTHX/84ylEMT87sVuFqt1Y=
github.com/gaissmai/cidrtree v0.5.0/go.mod h1:7snMgBXDWPq7v67RtDmGqOt6i4HGEhvFBIbg9nUiQ5k=
github.com/gaissmai/extnetip v0.4.0 h1:9pNd/Z6QSlkda35bug/IYuPYaPMTYRuqcxPce5Z9TTQ=
github.com/gaissmai/extnetip v0.4.0/go.mod h1:M3NWlyFKaVosQXWXKKeIPK+5VM4U85DahdIqNYX4TK4=
github.com/google/go-cmp v0.6.0 h1:ofyhxvXcZhMsU5ulbFiLKl/XBFqE1GSq7atu8tAmTRI=
github.com/google/go-cmp v0.6.0/go.mod h1:17dUlkBOakJ0+DkrSSNjCkIjxS6bF9zb3elmeNGIjoY=
github.com/google/pprof v0.0.0-20211214055906-6f57359322fd h1:1FjCyPC+syAzJ5/2S8fqdZK1R22vvA0J7JZKcuOIQ7Y=
github.com/google/pprof v0.0.0-20211214055906-6f57359322fd/go.mod h1:KgnwoLYCZ8IQu3XUZ8Nc/bM9CCZFOyjUNOSygVozoDg=
github.com/ianlancetaylor/demangle v0.0.0-20210905161508-09a460cdf81d/go.mod h1:aYm2/VgdVmcIU8iMfdMvDMsRAQjcfZSKFby6HOFvi/w=
github.com/k-sone/critbitgo v1.4.0 h1:l71cTyBGeh6X5ATh6Fibgw3+rtNT80BA0uNNWgkPrbE=
github.com/k-sone/critbitgo v1.4.0/go.mod h1:7E6pyoyADnFxlUBEKcnfS49b7SUAQGMK+OAp/UQvo0s=
github.com/pkg/profile v1.7.0 h1:hnbDkaNWPCLMO9wGLdBFTIZvzDrDfBM2072E1S9gJkA=
github.com/pkg/profile v1.7.0/go.mod h1:8Uer0jas47ZQMJ7VD+OHknK4YDY07LPUC6dEvqDjvNo=
github.com/pmezard/go-difflib v1.0.0 h1:4DBwDE0NGyQoBHbLQYPwSUPoCMWR5BEzIk/f1lZbAQM=
github.com/pmezard/go-difflib v1.0.0/go.mod h1:iKH77koFhYxTK1pcRnkKkqfTogsbg7gZNVY4sRDYZ/4=
github.com/stretchr/objx v0.1.0/go.mod h1:HFkY916IF+rwdDfMAkV7OtwuqBVzrE8GR6GFx+wExME=
github.com/stretchr/objx v0.4.0/go.mod h1:YvHI0jy2hoMjB+UWwv71VJQ9isScKT/TqJzVSSt89Yw=
github.com/stretchr/testify v1.4.0/go.mod h1:j7eGeouHqKxXV5pUuKE4zz7dFj8WfuZ+81PSLYec5m4=
github.com/stretchr/testify v1.7.1/go.mod h1:6Fq8oRcR53rry900zMqJjRRixrwX3KX962/h/Wwjteg=
github.com/stretchr/testify v1.8.0 h1:pSgiaMZlXftHpm5L7V1+rVB+AZJydKsMxsQBIJw4PKk=
github.com/stretchr/testify v1.8.0/go.mod h1:yNjHg4UonilssWZ8iaSj1OCr/vHnekPRkoO+kdMU+MU=
github.com/tailscale/art v0.0.0-20231101034115-3827a3c782e9 h1:0jZYJEIxi+gRFUVhTEugH5GWC3muM3At60Pbvgx6EDU=
github.com/tailscale/art v0.0.0-20231101034115-3827a3c782e9/go.mod h1:vqKZQktbl+AhzNtqxc7rSm6t+lvuHd729sHSw/ElykI=
github.com/yl2chen/cidranger v1.0.2 h1:lbOWZVCG1tCRX4u24kuM1Tb4nHqWkDxwLdoS+SevawU=
github.com/yl2chen/cidranger v1.0.2/go.mod h1:9U1yz7WPYDwf0vpNWFaeRh0bjwz5RVgRy/9UEQfHl0g=
golang.org/x/sys v0.0.0-20211007075335-d3039528d8ac/go.mod h1:oPkhp1MJrh7nUepCBck5+mAzfO9JrbApNNgaTdGDITg=
gopkg.in/check.v1 v0.0.0-20161208181325-20d25e280405/go.mod h1:Co6ibVJAznAaIkqp8huTwlJQCZ016jof/cbN4VW5Yz0=
gopkg.in/yaml.v2 v2.2.2/go.mod h1:hI93XBmqTisBFMUTm0b8Fm+jr3Dg1NNxqwp+5A1VGuI=
gopkg.in/yaml.v3 v3.0.0-20200313102051-9f266ea9e77c/go.mod h1:K4uyk7z7BCEPqu6E+C64Yfv1cQ7kz7rIZviUmN+EgEM=
gopkg.in/yaml.v3 v3.0.1 h1:fxVm/GzAzEWqLHuvctI91KS9hhNmmWOoWu0XTYJS7CA=
gopkg.in/yaml.v3 v3.0.1/go.mod h1:K4uyk7z7BCEPqu6E+C64Yfv1cQ7kz7rIZviUmN+EgEM=
